
Microsoft Visual Studio Solution File, Format Version 12.00
# Visual Studio Version 17
VisualStudioVersion = 17.7.34009.444
MinimumVisualStudioVersion = 10.0.40219.1
Project("{FAE04EC0-301F-11D3-BF4B-00C04F79EFBC}") = "Console_GC", "Console_GC\Console_GC.csproj", "{5A6C8A15-1A82-4D8F-9C6A-A9630804F1CD}"
EndProject
Global
	GlobalSection(SolutionConfigurationPlatforms) = preSolution
		Debug|Any CPU = Debug|Any CPU
		Release|Any CPU = Release|Any CPU
	EndGlobalSection
	GlobalSection(ProjectConfigurationPlatforms) = postSolution
		{5A6C8A15-1A82-4D8F-9C6A-A9630804F1CD}.Debug|Any CPU.ActiveCfg = Debug|Any CPU
		{5A6C8A15-1A82-4D8F-9C6A-A9630804F1CD}.Debug|Any CPU.Build.0 = Debug|Any CPU
		{5A6C8A15-1A82-4D8F-9C6A-A9630804F1CD}.Release|Any CPU.ActiveCfg = Release|Any CPU
		{5A6C8A15-1A82-4D8F-9C6A-A9630804F1CD}.Release|Any CPU.Build.0 = Release|Any CPU
	EndGlobalSection
	GlobalSection(SolutionProperties) = preSolution
		HideSolutionNode = FALSE
	EndGlobalSection
	GlobalSection(ExtensibilityGlobals) = postSolution
		SolutionGuid = {F3118DE6-ED40-4A98-BC8C-3B8961F89B69}
	EndGlobalSection
EndGlobal
